
Microsoft Visual Studio Solution File, Format Version 12.00
# Visual Studio 14
VisualStudioVersion = 14.0.25420.1
MinimumVisualStudioVersion = 10.0.40219.1
Project("{FAE04EC0-301F-11D3-BF4B-00C04F79EFBC}") = "Checador", "Checador.csproj", "{D9C10A32-A4D8-4690-BCFB-572CA45C7F10}"
EndProject
Project("{6141683F-8A12-4E36-9623-2EB02B2C2303}") = "Setup", "..\Setup\Setup.isproj", "{BDE3C913-1461-40E1-8D99-16C5AA79CB8B}"
EndProject
Global
	GlobalSection(SolutionConfigurationPlatforms) = preSolution
		CD_ROM|Any CPU = CD_ROM|Any CPU
		Debug|Any CPU = Debug|Any CPU
		DVD-5|Any CPU = DVD-5|Any CPU
		Release|Any CPU = Release|Any CPU
		SingleImage|Any CPU = SingleImage|Any CPU
	EndGlobalSection
	GlobalSection(ProjectConfigurationPlatforms) = postSolution
		{D9C10A32-A4D8-4690-BCFB-572CA45C7F10}.CD_ROM|Any CPU.ActiveCfg = Release|Any CPU
		{D9C10A32-A4D8-4690-BCFB-572CA45C7F10}.CD_ROM|Any CPU.Build.0 = Release|Any CPU
		{D9C10A32-A4D8-4690-BCFB-572CA45C7F10}.Debug|Any CPU.ActiveCfg = Debug|Any CPU
		{D9C10A32-A4D8-4690-BCFB-572CA45C7F10}.Debug|Any CPU.Build.0 = Debug|Any CPU
		{D9C10A32-A4D8-4690-BCFB-572CA45C7F10}.DVD-5|Any CPU.ActiveCfg = Debug|Any CPU
		{D9C10A32-A4D8-4690-BCFB-572CA45C7F10}.DVD-5|Any CPU.Build.0 = Debug|Any CPU
		{D9C10A32-A4D8-4690-BCFB-572CA45C7F10}.Release|Any CPU.ActiveCfg = Release|Any CPU
		{D9C10A32-A4D8-4690-BCFB-572CA45C7F10}.Release|Any CPU.Build.0 = Release|Any CPU
		{D9C10A32-A4D8-4690-BCFB-572CA45C7F10}.SingleImage|Any CPU.ActiveCfg = Release|Any CPU
		{D9C10A32-A4D8-4690-BCFB-572CA45C7F10}.SingleImage|Any CPU.Build.0 = Release|Any CPU
		{BDE3C913-1461-40E1-8D99-16C5AA79CB8B}.CD_ROM|Any CPU.ActiveCfg = CD_ROM
		{BDE3C913-1461-40E1-8D99-16C5AA79CB8B}.CD_ROM|Any CPU.Build.0 = CD_ROM
		{BDE3C913-1461-40E1-8D99-16C5AA79CB8B}.Debug|Any CPU.ActiveCfg = DVD-5
		{BDE3C913-1461-40E1-8D99-16C5AA79CB8B}.Debug|Any CPU.Build.0 = DVD-5
		{BDE3C913-1461-40E1-8D99-16C5AA79CB8B}.DVD-5|Any CPU.ActiveCfg = DVD-5
		{BDE3C913-1461-40E1-8D99-16C5AA79CB8B}.DVD-5|Any CPU.Build.0 = DVD-5
		{BDE3C913-1461-40E1-8D99-16C5AA79CB8B}.Release|Any CPU.ActiveCfg = SingleImage
		{BDE3C913-1461-40E1-8D99-16C5AA79CB8B}.SingleImage|Any CPU.ActiveCfg = SingleImage
		{BDE3C913-1461-40E1-8D99-16C5AA79CB8B}.SingleImage|Any CPU.Build.0 = SingleImage
	EndGlobalSection
	GlobalSection(SolutionProperties) = preSolution
		HideSolutionNode = FALSE
	EndGlobalSection
EndGlobal
